
Microsoft Visual Studio Solution File, Format Version 12.00
# Visual Studio Version 17
VisualStudioVersion = 17.11.35327.3
MinimumVisualStudioVersion = 10.0.40219.1
Project("{FAE04EC0-301F-11D3-BF4B-00C04F79EFBC}") = "картинко подсиськатель", "картинко подсиськатель\картинко подсиськатель.csproj", "{C36BA868-C97A-45E5-AB29-DC216EE94C55}"
EndProject
Global
	GlobalSection(SolutionConfigurationPlatforms) = preSolution
		Debug|Any CPU = Debug|Any CPU
		Release|Any CPU = Release|Any CPU
	EndGlobalSection
	GlobalSection(ProjectConfigurationPlatforms) = postSolution
		{C36BA868-C97A-45E5-AB29-DC216EE94C55}.Debug|Any CPU.ActiveCfg = Debug|Any CPU
		{C36BA868-C97A-45E5-AB29-DC216EE94C55}.Debug|Any CPU.Build.0 = Debug|Any CPU
		{C36BA868-C97A-45E5-AB29-DC216EE94C55}.Release|Any CPU.ActiveCfg = Release|Any CPU
		{C36BA868-C97A-45E5-AB29-DC216EE94C55}.Release|Any CPU.Build.0 = Release|Any CPU
	EndGlobalSection
	GlobalSection(SolutionProperties) = preSolution
		HideSolutionNode = FALSE
	EndGlobalSection
	GlobalSection(ExtensibilityGlobals) = postSolution
		SolutionGuid = {3131097B-5ED4-4DA9-BA47-A86C047D9C2C}
	EndGlobalSection
EndGlobal
